
Microsoft Visual Studio Solution File, Format Version 12.00
# Visual Studio Version 16
VisualStudioVersion = 16.0.30002.166
MinimumVisualStudioVersion = 10.0.40219.1
Project("{FAE04EC0-301F-11D3-BF4B-00C04F79EFBC}") = "Cafe_Manager", "Cafe_Manager\Cafe_Manager.csproj", "{AAB6F0A1-028E-4F37-A85E-510CFC7CE86E}"
EndProject
Project("{FAE04EC0-301F-11D3-BF4B-00C04F79EFBC}") = "Models", "Models\Models.csproj", "{BFE9BD85-CA18-439F-8DCA-AB06BBFF00B6}"
EndProject
Global
	GlobalSection(SolutionConfigurationPlatforms) = preSolution
		Debug|Any CPU = Debug|Any CPU
		Release|Any CPU = Release|Any CPU
	EndGlobalSection
	GlobalSection(ProjectConfigurationPlatforms) = postSolution
		{AAB6F0A1-028E-4F37-A85E-510CFC7CE86E}.Debug|Any CPU.ActiveCfg = Debug|Any CPU
		{AAB6F0A1-028E-4F37-A85E-510CFC7CE86E}.Debug|Any CPU.Build.0 = Debug|Any CPU
		{AAB6F0A1-028E-4F37-A85E-510CFC7CE86E}.Release|Any CPU.ActiveCfg = Release|Any CPU
		{AAB6F0A1-028E-4F37-A85E-510CFC7CE86E}.Release|Any CPU.Build.0 = Release|Any CPU
		{BFE9BD85-CA18-439F-8DCA-AB06BBFF00B6}.Debug|Any CPU.ActiveCfg = Debug|Any CPU
		{BFE9BD85-CA18-439F-8DCA-AB06BBFF00B6}.Debug|Any CPU.Build.0 = Debug|Any CPU
		{BFE9BD85-CA18-439F-8DCA-AB06BBFF00B6}.Release|Any CPU.ActiveCfg = Release|Any CPU
		{BFE9BD85-CA18-439F-8DCA-AB06BBFF00B6}.Release|Any CPU.Build.0 = Release|Any CPU
	EndGlobalSection
	GlobalSection(SolutionProperties) = preSolution
		HideSolutionNode = FALSE
	EndGlobalSection
	GlobalSection(ExtensibilityGlobals) = postSolution
		SolutionGuid = {5665CD9B-3758-41B2-80EB-06787D974FBF}
	EndGlobalSection
EndGlobal
